// !$*UTF8*$!
{
	archiveVersion = 1;
	classes = {
	};
	objectVersion = 46;
	objects = {

/* Begin PBXBuildFile section */
		511260711D80FC7400CC7C66 /* main.cpp in Sources */ = {isa = PBXBuildFile; fileRef = 511260701D80FC7400CC7C66 /* main.cpp */; };
		511260781D80FD2800CC7C66 /* mongoose.c in Sources */ = {isa = PBXBuildFile; fileRef = 511260771D80FD2800CC7C66 /* mongoose.c */; };
		5112607C1D80FF6000CC7C66 /* Graph.cpp in Sources */ = {isa = PBXBuildFile; fileRef = 5112607A1D80FF6000CC7C66 /* Graph.cpp */; };
		51683BE31DEFD7A200837EB5 /* Makefile in Sources */ = {isa = PBXBuildFile; fileRef = 51683BDB1DEFD7A200837EB5 /* Makefile */; };
		51683BE41DEFD7A200837EB5 /* rpc_client.cc in Sources */ = {isa = PBXBuildFile; fileRef = 51683BDD1DEFD7A200837EB5 /* rpc_client.cc */; };
		51683BE51DEFD7A200837EB5 /* rpc_server.cc in Sources */ = {isa = PBXBuildFile; fileRef = 51683BDF1DEFD7A200837EB5 /* rpc_server.cc */; };
/* End PBXBuildFile section */

/* Begin PBXCopyFilesBuildPhase section */
		5112606B1D80FC7400CC7C66 /* CopyFiles */ = {
			isa = PBXCopyFilesBuildPhase;
			buildActionMask = 2147483647;
			dstPath = /usr/share/man/man1/;
			dstSubfolderSpec = 0;
			files = (
			);
			runOnlyForDeploymentPostprocessing = 1;
		};
/* End PBXCopyFilesBuildPhase section */

/* Begin PBXFileReference section */
		5112606D1D80FC7400CC7C66 /* distributed */ = {isa = PBXFileReference; explicitFileType = "compiled.mach-o.executable"; includeInIndex = 0; path = distributed; sourceTree = BUILT_PRODUCTS_DIR; };
		511260701D80FC7400CC7C66 /* main.cpp */ = {isa = PBXFileReference; lastKnownFileType = sourcecode.cpp.cpp; path = main.cpp; sourceTree = "<group>"; };
		511260771D80FD2800CC7C66 /* mongoose.c */ = {isa = PBXFileReference; fileEncoding = 4; lastKnownFileType = sourcecode.c.c; path = mongoose.c; sourceTree = "<group>"; };
		511260791D80FD3400CC7C66 /* mongoose.h */ = {isa = PBXFileReference; fileEncoding = 4; lastKnownFileType = sourcecode.c.h; path = mongoose.h; sourceTree = "<group>"; };
		5112607A1D80FF6000CC7C66 /* Graph.cpp */ = {isa = PBXFileReference; fileEncoding = 4; lastKnownFileType = sourcecode.cpp.cpp; path = Graph.cpp; sourceTree = "<group>"; };
		5112607B1D80FF6000CC7C66 /* Graph.hpp */ = {isa = PBXFileReference; fileEncoding = 4; lastKnownFileType = sourcecode.cpp.h; path = Graph.hpp; sourceTree = "<group>"; };
		51683BDB1DEFD7A200837EB5 /* Makefile */ = {isa = PBXFileReference; fileEncoding = 4; lastKnownFileType = sourcecode.make; path = Makefile; sourceTree = "<group>"; };
		51683BDC1DEFD7A200837EB5 /* myapp */ = {isa = PBXFileReference; lastKnownFileType = "compiled.mach-o.executable"; path = myapp; sourceTree = "<group>"; };
		51683BDD1DEFD7A200837EB5 /* rpc_client.cc */ = {isa = PBXFileReference; fileEncoding = 4; lastKnownFileType = sourcecode.cpp.cpp; path = rpc_client.cc; sourceTree = "<group>"; };
		51683BDE1DEFD7A200837EB5 /* rpc_client.h */ = {isa = PBXFileReference; fileEncoding = 4; lastKnownFileType = sourcecode.c.h; path = rpc_client.h; sourceTree = "<group>"; };
		51683BDF1DEFD7A200837EB5 /* rpc_server.cc */ = {isa = PBXFileReference; fileEncoding = 4; lastKnownFileType = sourcecode.cpp.cpp; path = rpc_server.cc; sourceTree = "<group>"; };
		51683BE01DEFD7A200837EB5 /* rpc_server.h */ = {isa = PBXFileReference; fileEncoding = 4; lastKnownFileType = sourcecode.c.h; path = rpc_server.h; sourceTree = "<group>"; };
		51683BE11DEFD7A200837EB5 /* rpc.proto */ = {isa = PBXFileReference; fileEncoding = 4; lastKnownFileType = text; path = rpc.proto; sourceTree = "<group>"; };
		51683BE21DEFD7A200837EB5 /* server_config.h */ = {isa = PBXFileReference; fileEncoding = 4; lastKnownFileType = sourcecode.c.h; path = server_config.h; sourceTree = "<group>"; };
/* End PBXFileReference section */

/* Begin PBXFrameworksBuildPhase section */
		5112606A1D80FC7400CC7C66 /* Frameworks */ = {
			isa = PBXFrameworksBuildPhase;
			buildActionMask = 2147483647;
			files = (
			);
			runOnlyForDeploymentPostprocessing = 0;
		};
/* End PBXFrameworksBuildPhase section */

/* Begin PBXGroup section */
		511260641D80FC7400CC7C66 = {
			isa = PBXGroup;
			children = (
				5112606F1D80FC7400CC7C66 /* distributed */,
				5112606E1D80FC7400CC7C66 /* Products */,
			);
			sourceTree = "<group>";
		};
		5112606E1D80FC7400CC7C66 /* Products */ = {
			isa = PBXGroup;
			children = (
				5112606D1D80FC7400CC7C66 /* distributed */,
			);
			name = Products;
			sourceTree = "<group>";
		};
		5112606F1D80FC7400CC7C66 /* distributed */ = {
			isa = PBXGroup;
			children = (
				51683BDB1DEFD7A200837EB5 /* Makefile */,
				51683BDC1DEFD7A200837EB5 /* myapp */,
				51683BDD1DEFD7A200837EB5 /* rpc_client.cc */,
				51683BDE1DEFD7A200837EB5 /* rpc_client.h */,
				51683BDF1DEFD7A200837EB5 /* rpc_server.cc */,
				51683BE01DEFD7A200837EB5 /* rpc_server.h */,
				51683BE11DEFD7A200837EB5 /* rpc.proto */,
				51683BE21DEFD7A200837EB5 /* server_config.h */,
				511260791D80FD3400CC7C66 /* mongoose.h */,
				511260771D80FD2800CC7C66 /* mongoose.c */,
				511260701D80FC7400CC7C66 /* main.cpp */,
				5112607A1D80FF6000CC7C66 /* Graph.cpp */,
				5112607B1D80FF6000CC7C66 /* Graph.hpp */,
			);
			path = distributed;
			sourceTree = "<group>";
		};
/* End PBXGroup section */

/* Begin PBXNativeTarget section */
		5112606C1D80FC7400CC7C66 /* distributed */ = {
			isa = PBXNativeTarget;
			buildConfigurationList = 511260741D80FC7400CC7C66 /* Build configuration list for PBXNativeTarget "distributed" */;
			buildPhases = (
				511260691D80FC7400CC7C66 /* Sources */,
				5112606A1D80FC7400CC7C66 /* Frameworks */,
				5112606B1D80FC7400CC7C66 /* CopyFiles */,
			);
			buildRules = (
			);
			dependencies = (
			);
			name = distributed;
			productName = distributed;
			productReference = 5112606D1D80FC7400CC7C66 /* distributed */;
			productType = "com.apple.product-type.tool";
		};
/* End PBXNativeTarget section */

/* Begin PBXProject section */
		511260651D80FC7400CC7C66 /* Project object */ = {
			isa = PBXProject;
			attributes = {
				LastUpgradeCheck = 0730;
				ORGANIZATIONNAME = anjin;
				TargetAttributes = {
					5112606C1D80FC7400CC7C66 = {
						CreatedOnToolsVersion = 7.3.1;
					};
				};
			};
			buildConfigurationList = 511260681D80FC7400CC7C66 /* Build configuration list for PBXProject "distributed" */;
			compatibilityVersion = "Xcode 3.2";
			developmentRegion = English;
			hasScannedForEncodings = 0;
			knownRegions = (
				en,
			);
			mainGroup = 511260641D80FC7400CC7C66;
			productRefGroup = 5112606E1D80FC7400CC7C66 /* Products */;
			projectDirPath = "";
			projectRoot = "";
			targets = (
				5112606C1D80FC7400CC7C66 /* distributed */,
			);
		};
/* End PBXProject section */

/* Begin PBXSourcesBuildPhase section */
		511260691D80FC7400CC7C66 /* Sources */ = {
			isa = PBXSourcesBuildPhase;
			buildActionMask = 2147483647;
			files = (
				51683BE51DEFD7A200837EB5 /* rpc_server.cc in Sources */,
				511260781D80FD2800CC7C66 /* mongoose.c in Sources */,
				5112607C1D80FF6000CC7C66 /* Graph.cpp in Sources */,
				51683BE31DEFD7A200837EB5 /* Makefile in Sources */,
				51683BE41DEFD7A200837EB5 /* rpc_client.cc in Sources */,
				511260711D80FC7400CC7C66 /* main.cpp in Sources */,
			);
			runOnlyForDeploymentPostprocessing = 0;
		};
/* End PBXSourcesBuildPhase section */

/* Begin XCBuildConfiguration section */
		511260721D80FC7400CC7C66 /* Debug */ = {
			isa = XCBuildConfiguration;
			buildSettings = {
				ALWAYS_SEARCH_USER_PATHS = NO;
				CLANG_ANALYZER_NONNULL = YES;
				CLANG_CXX_LANGUAGE_STANDARD = "gnu++0x";
				CLANG_CXX_LIBRARY = "libc++";
				CLANG_ENABLE_MODULES = YES;
				CLANG_ENABLE_OBJC_ARC = YES;
				CLANG_WARN_BOOL_CONVERSION = YES;
				CLANG_WARN_CONSTANT_CONVERSION = YES;
				CLANG_WARN_DIRECT_OBJC_ISA_USAGE = YES_ERROR;
				CLANG_WARN_EMPTY_BODY = YES;
				CLANG_WARN_ENUM_CONVERSION = YES;
				CLANG_WARN_INT_CONVERSION = YES;
				CLANG_WARN_OBJC_ROOT_CLASS = YES_ERROR;
				CLANG_WARN_UNREACHABLE_CODE = YES;
				CLANG_WARN__DUPLICATE_METHOD_MATCH = YES;
				CODE_SIGN_IDENTITY = "-";
				COPY_PHASE_STRIP = NO;
				DEBUG_INFORMATION_FORMAT = dwarf;
				ENABLE_STRICT_OBJC_MSGSEND = YES;
				ENABLE_TESTABILITY = YES;
				GCC_C_LANGUAGE_STANDARD = gnu99;
				GCC_DYNAMIC_NO_PIC = NO;
				GCC_NO_COMMON_BLOCKS = YES;
				GCC_OPTIMIZATION_LEVEL = 0;
				GCC_PREPROCESSOR_DEFINITIONS = (
					"DEBUG=1",
					"$(inherited)",
				);
				GCC_WARN_64_TO_32_BIT_CONVERSION = YES;
				GCC_WARN_ABOUT_RETURN_TYPE = YES_ERROR;
				GCC_WARN_UNDECLARED_SELECTOR = YES;
				GCC_WARN_UNINITIALIZED_AUTOS = YES_AGGRESSIVE;
				GCC_WARN_UNUSED_FUNCTION = YES;
				GCC_WARN_UNUSED_VARIABLE = YES;
				MACOSX_DEPLOYMENT_TARGET = 10.11;
				MTL_ENABLE_DEBUG_INFO = YES;
				ONLY_ACTIVE_ARCH = YES;
				SDKROOT = macosx;
			};
			name = Debug;
		};
		511260731D80FC7400CC7C66 /* Release */ = {
			isa = XCBuildConfiguration;
			buildSettings = {
				ALWAYS_SEARCH_USER_PATHS = NO;
				CLANG_ANALYZER_NONNULL = YES;
				CLANG_CXX_LANGUAGE_STANDARD = "gnu++0x";
				CLANG_CXX_LIBRARY = "libc++";
				CLANG_ENABLE_MODULES = YES;
				CLANG_ENABLE_OBJC_ARC = YES;
				CLANG_WARN_BOOL_CONVERSION = YES;
				CLANG_WARN_CONSTANT_CONVERSION = YES;
				CLANG_WARN_DIRECT_OBJC_ISA_USAGE = YES_ERROR;
				CLANG_WARN_EMPTY_BODY = YES;
				CLANG_WARN_ENUM_CONVERSION = YES;
				CLANG_WARN_INT_CONVERSION = YES;
				CLANG_WARN_OBJC_ROOT_CLASS = YES_ERROR;
				CLANG_WARN_UNREACHABLE_CODE = YES;
				CLANG_WARN__DUPLICATE_METHOD_MATCH = YES;
				CODE_SIGN_IDENTITY = "-";
				COPY_PHASE_STRIP = NO;
				DEBUG_INFORMATION_FORMAT = "dwarf-with-dsym";
				ENABLE_NS_ASSERTIONS = NO;
				ENABLE_STRICT_OBJC_MSGSEND = YES;
				GCC_C_LANGUAGE_STANDARD = gnu99;
				GCC_NO_COMMON_BLOCKS = YES;
				GCC_WARN_64_TO_32_BIT_CONVERSION = YES;
				GCC_WARN_ABOUT_RETURN_TYPE = YES_ERROR;
				GCC_WARN_UNDECLARED_SELECTOR = YES;
				GCC_WARN_UNINITIALIZED_AUTOS = YES_AGGRESSIVE;
				GCC_WARN_UNUSED_FUNCTION = YES;
				GCC_WARN_UNUSED_VARIABLE = YES;
				MACOSX_DEPLOYMENT_TARGET = 10.11;
				MTL_ENABLE_DEBUG_INFO = NO;
				SDKROOT = macosx;
			};
			name = Release;
		};
		511260751D80FC7400CC7C66 /* Debug */ = {
			isa = XCBuildConfiguration;
			buildSettings = {
				PRODUCT_NAME = "$(TARGET_NAME)";
			};
			name = Debug;
		};
		511260761D80FC7400CC7C66 /* Release */ = {
			isa = XCBuildConfiguration;
			buildSettings = {
				PRODUCT_NAME = "$(TARGET_NAME)";
			};
			name = Release;
		};
/* End XCBuildConfiguration section */

/* Begin XCConfigurationList section */
		511260681D80FC7400CC7C66 /* Build configuration list for PBXProject "distributed" */ = {
			isa = XCConfigurationList;
			buildConfigurations = (
				511260721D80FC7400CC7C66 /* Debug */,
				511260731D80FC7400CC7C66 /* Release */,
			);
			defaultConfigurationIsVisible = 0;
			defaultConfigurationName = Release;
		};
		511260741D80FC7400CC7C66 /* Build configuration list for PBXNativeTarget "distributed" */ = {
			isa = XCConfigurationList;
			buildConfigurations = (
				511260751D80FC7400CC7C66 /* Debug */,
				511260761D80FC7400CC7C66 /* Release */,
			);
			defaultConfigurationIsVisible = 0;
			defaultConfigurationName = Release;
		};
/* End XCConfigurationList section */
	};
	rootObject = 511260651D80FC7400CC7C66 /* Project object */;
}
